// !$*UTF8*$!
{
	archiveVersion = 1;
	classes = {
	};
	objectVersion = 55;
	objects = {

/* Begin PBXBuildFile section */
		52255ED228FACFCA003793EF /* AppDelegate.swift in Sources */ = {isa = PBXBuildFile; fileRef = 52255ED128FACFCA003793EF /* AppDelegate.swift */; };
		52255ED428FACFCA003793EF /* SceneDelegate.swift in Sources */ = {isa = PBXBuildFile; fileRef = 52255ED328FACFCA003793EF /* SceneDelegate.swift */; };
		52255ED628FACFCA003793EF /* ImageViewController.swift in Sources */ = {isa = PBXBuildFile; fileRef = 52255ED528FACFCA003793EF /* ImageViewController.swift */; };
		52255ED928FACFCA003793EF /* Main.storyboard in Resources */ = {isa = PBXBuildFile; fileRef = 52255ED728FACFCA003793EF /* Main.storyboard */; };
		52255EDB28FACFCB003793EF /* Assets.xcassets in Resources */ = {isa = PBXBuildFile; fileRef = 52255EDA28FACFCB003793EF /* Assets.xcassets */; };
		52255EDE28FACFCB003793EF /* LaunchScreen.storyboard in Resources */ = {isa = PBXBuildFile; fileRef = 52255EDC28FACFCB003793EF /* LaunchScreen.storyboard */; };
		52255EE828FB05E5003793EF /* CoursesViewController.swift in Sources */ = {isa = PBXBuildFile; fileRef = 52255EE728FB05E5003793EF /* CoursesViewController.swift */; };
		52255EEA28FB0841003793EF /* CourseModel.swift in Sources */ = {isa = PBXBuildFile; fileRef = 52255EE928FB0841003793EF /* CourseModel.swift */; };
		52255EEC28FBF146003793EF /* WebViewController.swift in Sources */ = {isa = PBXBuildFile; fileRef = 52255EEB28FBF146003793EF /* WebViewController.swift */; };
		52255EEE28FC10FD003793EF /* CourseTableViewCell.swift in Sources */ = {isa = PBXBuildFile; fileRef = 52255EED28FC10FD003793EF /* CourseTableViewCell.swift */; };
		52255EF028FC15B2003793EF /* WebsiteDescription.swift in Sources */ = {isa = PBXBuildFile; fileRef = 52255EEF28FC15B2003793EF /* WebsiteDescription.swift */; };
		52255EF228FC3EF3003793EF /* MainViewController.swift in Sources */ = {isa = PBXBuildFile; fileRef = 52255EF128FC3EF2003793EF /* MainViewController.swift */; };
		52255EF428FC3F0B003793EF /* CollectionViewCell.swift in Sources */ = {isa = PBXBuildFile; fileRef = 52255EF328FC3F0B003793EF /* CollectionViewCell.swift */; };
		52255EF628FC4ADE003793EF /* NetworkManager.swift in Sources */ = {isa = PBXBuildFile; fileRef = 52255EF528FC4ADE003793EF /* NetworkManager.swift */; };
		52255EF828FC6226003793EF /* ImageProperties.swift in Sources */ = {isa = PBXBuildFile; fileRef = 52255EF728FC6226003793EF /* ImageProperties.swift */; };
		52255EFA28FCBC01003793EF /* DataProvaider.swift in Sources */ = {isa = PBXBuildFile; fileRef = 52255EF928FCBC01003793EF /* DataProvaider.swift */; };
/* End PBXBuildFile section */

/* Begin PBXFileReference section */
		52255ECE28FACFCA003793EF /* TestNetwork.app */ = {isa = PBXFileReference; explicitFileType = wrapper.application; includeInIndex = 0; path = TestNetwork.app; sourceTree = BUILT_PRODUCTS_DIR; };
		52255ED128FACFCA003793EF /* AppDelegate.swift */ = {isa = PBXFileReference; lastKnownFileType = sourcecode.swift; path = AppDelegate.swift; sourceTree = "<group>"; };
		52255ED328FACFCA003793EF /* SceneDelegate.swift */ = {isa = PBXFileReference; lastKnownFileType = sourcecode.swift; path = SceneDelegate.swift; sourceTree = "<group>"; };
		52255ED528FACFCA003793EF /* ImageViewController.swift */ = {isa = PBXFileReference; lastKnownFileType = sourcecode.swift; path = ImageViewController.swift; sourceTree = "<group>"; };
		52255ED828FACFCA003793EF /* Base */ = {isa = PBXFileReference; lastKnownFileType = file.storyboard; name = Base; path = Base.lproj/Main.storyboard; sourceTree = "<group>"; };
		52255EDA28FACFCB003793EF /* Assets.xcassets */ = {isa = PBXFileReference; lastKnownFileType = folder.assetcatalog; path = Assets.xcassets; sourceTree = "<group>"; };
		52255EDD28FACFCB003793EF /* Base */ = {isa = PBXFileReference; lastKnownFileType = file.storyboard; name = Base; path = Base.lproj/LaunchScreen.storyboard; sourceTree = "<group>"; };
		52255EDF28FACFCB003793EF /* Info.plist */ = {isa = PBXFileReference; lastKnownFileType = text.plist.xml; path = Info.plist; sourceTree = "<group>"; };
		52255EE728FB05E5003793EF /* CoursesViewController.swift */ = {isa = PBXFileReference; lastKnownFileType = sourcecode.swift; path = CoursesViewController.swift; sourceTree = "<group>"; };
		52255EE928FB0841003793EF /* CourseModel.swift */ = {isa = PBXFileReference; lastKnownFileType = sourcecode.swift; path = CourseModel.swift; sourceTree = "<group>"; };
		52255EEB28FBF146003793EF /* WebViewController.swift */ = {isa = PBXFileReference; lastKnownFileType = sourcecode.swift; path = WebViewController.swift; sourceTree = "<group>"; };
		52255EED28FC10FD003793EF /* CourseTableViewCell.swift */ = {isa = PBXFileReference; lastKnownFileType = sourcecode.swift; path = CourseTableViewCell.swift; sourceTree = "<group>"; };
		52255EEF28FC15B2003793EF /* WebsiteDescription.swift */ = {isa = PBXFileReference; lastKnownFileType = sourcecode.swift; path = WebsiteDescription.swift; sourceTree = "<group>"; };
		52255EF128FC3EF2003793EF /* MainViewController.swift */ = {isa = PBXFileReference; lastKnownFileType = sourcecode.swift; path = MainViewController.swift; sourceTree = "<group>"; };
		52255EF328FC3F0B003793EF /* CollectionViewCell.swift */ = {isa = PBXFileReference; lastKnownFileType = sourcecode.swift; path = CollectionViewCell.swift; sourceTree = "<group>"; };
		52255EF528FC4ADE003793EF /* NetworkManager.swift */ = {isa = PBXFileReference; lastKnownFileType = sourcecode.swift; path = NetworkManager.swift; sourceTree = "<group>"; };
		52255EF728FC6226003793EF /* ImageProperties.swift */ = {isa = PBXFileReference; lastKnownFileType = sourcecode.swift; path = ImageProperties.swift; sourceTree = "<group>"; };
		52255EF928FCBC01003793EF /* DataProvaider.swift */ = {isa = PBXFileReference; lastKnownFileType = sourcecode.swift; path = DataProvaider.swift; sourceTree = "<group>"; };
/* End PBXFileReference section */

/* Begin PBXFrameworksBuildPhase section */
		52255ECB28FACFCA003793EF /* Frameworks */ = {
			isa = PBXFrameworksBuildPhase;
			buildActionMask = 2147483647;
			files = (
			);
			runOnlyForDeploymentPostprocessing = 0;
		};
/* End PBXFrameworksBuildPhase section */

/* Begin PBXGroup section */
		52255EC528FACFCA003793EF = {
			isa = PBXGroup;
			children = (
				52255ED028FACFCA003793EF /* TestNetwork */,
				52255ECF28FACFCA003793EF /* Products */,
			);
			sourceTree = "<group>";
		};
		52255ECF28FACFCA003793EF /* Products */ = {
			isa = PBXGroup;
			children = (
				52255ECE28FACFCA003793EF /* TestNetwork.app */,
			);
			name = Products;
			sourceTree = "<group>";
		};
		52255ED028FACFCA003793EF /* TestNetwork */ = {
			isa = PBXGroup;
			children = (
				52255ED128FACFCA003793EF /* AppDelegate.swift */,
				52255ED328FACFCA003793EF /* SceneDelegate.swift */,
				52255EF528FC4ADE003793EF /* NetworkManager.swift */,
				52255EF928FCBC01003793EF /* DataProvaider.swift */,
				52255EF128FC3EF2003793EF /* MainViewController.swift */,
				52255EF328FC3F0B003793EF /* CollectionViewCell.swift */,
				52255ED528FACFCA003793EF /* ImageViewController.swift */,
				52255EE728FB05E5003793EF /* CoursesViewController.swift */,
				52255EED28FC10FD003793EF /* CourseTableViewCell.swift */,
				52255EE928FB0841003793EF /* CourseModel.swift */,
				52255EF728FC6226003793EF /* ImageProperties.swift */,
				52255EEF28FC15B2003793EF /* WebsiteDescription.swift */,
				52255EEB28FBF146003793EF /* WebViewController.swift */,
				52255ED728FACFCA003793EF /* Main.storyboard */,
				52255EDA28FACFCB003793EF /* Assets.xcassets */,
				52255EDC28FACFCB003793EF /* LaunchScreen.storyboard */,
				52255EDF28FACFCB003793EF /* Info.plist */,
			);
			path = TestNetwork;
			sourceTree = "<group>";
		};
/* End PBXGroup section */

/* Begin PBXNativeTarget section */
		52255ECD28FACFCA003793EF /* TestNetwork */ = {
			isa = PBXNativeTarget;
			buildConfigurationList = 52255EE228FACFCB003793EF /* Build configuration list for PBXNativeTarget "TestNetwork" */;
			buildPhases = (
				52255ECA28FACFCA003793EF /* Sources */,
				52255ECB28FACFCA003793EF /* Frameworks */,
				52255ECC28FACFCA003793EF /* Resources */,
			);
			buildRules = (
			);
			dependencies = (
			);
			name = TestNetwork;
			productName = TestNetwork;
			productReference = 52255ECE28FACFCA003793EF /* TestNetwork.app */;
			productType = "com.apple.product-type.application";
		};
/* End PBXNativeTarget section */

/* Begin PBXProject section */
		52255EC628FACFCA003793EF /* Project object */ = {
			isa = PBXProject;
			attributes = {
				BuildIndependentTargetsInParallel = 1;
				LastSwiftUpdateCheck = 1310;
				LastUpgradeCheck = 1310;
				TargetAttributes = {
					52255ECD28FACFCA003793EF = {
						CreatedOnToolsVersion = 13.1;
					};
				};
			};
			buildConfigurationList = 52255EC928FACFCA003793EF /* Build configuration list for PBXProject "TestNetwork" */;
			compatibilityVersion = "Xcode 13.0";
			developmentRegion = en;
			hasScannedForEncodings = 0;
			knownRegions = (
				en,
				Base,
			);
			mainGroup = 52255EC528FACFCA003793EF;
			productRefGroup = 52255ECF28FACFCA003793EF /* Products */;
			projectDirPath = "";
			projectRoot = "";
			targets = (
				52255ECD28FACFCA003793EF /* TestNetwork */,
			);
		};
/* End PBXProject section */

/* Begin PBXResourcesBuildPhase section */
		52255ECC28FACFCA003793EF /* Resources */ = {
			isa = PBXResourcesBuildPhase;
			buildActionMask = 2147483647;
			files = (
				52255EDE28FACFCB003793EF /* LaunchScreen.storyboard in Resources */,
				52255EDB28FACFCB003793EF /* Assets.xcassets in Resources */,
				52255ED928FACFCA003793EF /* Main.storyboard in Resources */,
			);
			runOnlyForDeploymentPostprocessing = 0;
		};
/* End PBXResourcesBuildPhase section */

/* Begin PBXSourcesBuildPhase section */
		52255ECA28FACFCA003793EF /* Sources */ = {
			isa = PBXSourcesBuildPhase;
			buildActionMask = 2147483647;
			files = (
				52255EF628FC4ADE003793EF /* NetworkManager.swift in Sources */,
				52255EF028FC15B2003793EF /* WebsiteDescription.swift in Sources */,
				52255EEE28FC10FD003793EF /* CourseTableViewCell.swift in Sources */,
				52255EEA28FB0841003793EF /* CourseModel.swift in Sources */,
				52255ED628FACFCA003793EF /* ImageViewController.swift in Sources */,
				52255ED228FACFCA003793EF /* AppDelegate.swift in Sources */,
				52255EFA28FCBC01003793EF /* DataProvaider.swift in Sources */,
				52255EEC28FBF146003793EF /* WebViewController.swift in Sources */,
				52255ED428FACFCA003793EF /* SceneDelegate.swift in Sources */,
				52255EF828FC6226003793EF /* ImageProperties.swift in Sources */,
				52255EE828FB05E5003793EF /* CoursesViewController.swift in Sources */,
				52255EF228FC3EF3003793EF /* MainViewController.swift in Sources */,
				52255EF428FC3F0B003793EF /* CollectionViewCell.swift in Sources */,
			);
			runOnlyForDeploymentPostprocessing = 0;
		};
/* End PBXSourcesBuildPhase section */

/* Begin PBXVariantGroup section */
		52255ED728FACFCA003793EF /* Main.storyboard */ = {
			isa = PBXVariantGroup;
			children = (
				52255ED828FACFCA003793EF /* Base */,
			);
			name = Main.storyboard;
			sourceTree = "<group>";
		};
		52255EDC28FACFCB003793EF /* LaunchScreen.storyboard */ = {
			isa = PBXVariantGroup;
			children = (
				52255EDD28FACFCB003793EF /* Base */,
			);
			name = LaunchScreen.storyboard;
			sourceTree = "<group>";
		};
/* End PBXVariantGroup section */

/* Begin XCBuildConfiguration section */
		52255EE028FACFCB003793EF /* Debug */ = {
			isa = XCBuildConfiguration;
			buildSettings = {
				ALWAYS_SEARCH_USER_PATHS = NO;
				CLANG_ANALYZER_NONNULL = YES;
				CLANG_ANALYZER_NUMBER_OBJECT_CONVERSION = YES_AGGRESSIVE;
				CLANG_CXX_LANGUAGE_STANDARD = "gnu++17";
				CLANG_CXX_LIBRARY = "libc++";
				CLANG_ENABLE_MODULES = YES;
				CLANG_ENABLE_OBJC_ARC = YES;
				CLANG_ENABLE_OBJC_WEAK = YES;
				CLANG_WARN_BLOCK_CAPTURE_AUTORELEASING = YES;
				CLANG_WARN_BOOL_CONVERSION = YES;
				CLANG_WARN_COMMA = YES;
				CLANG_WARN_CONSTANT_CONVERSION = YES;
				CLANG_WARN_DEPRECATED_OBJC_IMPLEMENTATIONS = YES;
				CLANG_WARN_DIRECT_OBJC_ISA_USAGE = YES_ERROR;
				CLANG_WARN_DOCUMENTATION_COMMENTS = YES;
				CLANG_WARN_EMPTY_BODY = YES;
				CLANG_WARN_ENUM_CONVERSION = YES;
				CLANG_WARN_INFINITE_RECURSION = YES;
				CLANG_WARN_INT_CONVERSION = YES;
				CLANG_WARN_NON_LITERAL_NULL_CONVERSION = YES;
				CLANG_WARN_OBJC_IMPLICIT_RETAIN_SELF = YES;
				CLANG_WARN_OBJC_LITERAL_CONVERSION = YES;
				CLANG_WARN_OBJC_ROOT_CLASS = YES_ERROR;
				CLANG_WARN_QUOTED_INCLUDE_IN_FRAMEWORK_HEADER = YES;
				CLANG_WARN_RANGE_LOOP_ANALYSIS = YES;
				CLANG_WARN_STRICT_PROTOTYPES = YES;
				CLANG_WARN_SUSPICIOUS_MOVE = YES;
				CLANG_WARN_UNGUARDED_AVAILABILITY = YES_AGGRESSIVE;
				CLANG_WARN_UNREACHABLE_CODE = YES;
				CLANG_WARN__DUPLICATE_METHOD_MATCH = YES;
				COPY_PHASE_STRIP = NO;
				DEBUG_INFORMATION_FORMAT = dwarf;
				ENABLE_STRICT_OBJC_MSGSEND = YES;
				ENABLE_TESTABILITY = YES;
				GCC_C_LANGUAGE_STANDARD = gnu11;
				GCC_DYNAMIC_NO_PIC = NO;
				GCC_NO_COMMON_BLOCKS = YES;
				GCC_OPTIMIZATION_LEVEL = 0;
				GCC_PREPROCESSOR_DEFINITIONS = (
					"DEBUG=1",
					"$(inherited)",
				);
				GCC_WARN_64_TO_32_BIT_CONVERSION = YES;
				GCC_WARN_ABOUT_RETURN_TYPE = YES_ERROR;
				GCC_WARN_UNDECLARED_SELECTOR = YES;
				GCC_WARN_UNINITIALIZED_AUTOS = YES_AGGRESSIVE;
				GCC_WARN_UNUSED_FUNCTION = YES;
				GCC_WARN_UNUSED_VARIABLE = YES;
				IPHONEOS_DEPLOYMENT_TARGET = 15.0;
				MTL_ENABLE_DEBUG_INFO = INCLUDE_SOURCE;
				MTL_FAST_MATH = YES;
				ONLY_ACTIVE_ARCH = YES;
				SDKROOT = iphoneos;
				SWIFT_ACTIVE_COMPILATION_CONDITIONS = DEBUG;
				SWIFT_OPTIMIZATION_LEVEL = "-Onone";
			};
			name = Debug;
		};
		52255EE128FACFCB003793EF /* Release */ = {
			isa = XCBuildConfiguration;
			buildSettings = {
				ALWAYS_SEARCH_USER_PATHS = NO;
				CLANG_ANALYZER_NONNULL = YES;
				CLANG_ANALYZER_NUMBER_OBJECT_CONVERSION = YES_AGGRESSIVE;
				CLANG_CXX_LANGUAGE_STANDARD = "gnu++17";
				CLANG_CXX_LIBRARY = "libc++";
				CLANG_ENABLE_MODULES = YES;
				CLANG_ENABLE_OBJC_ARC = YES;
				CLANG_ENABLE_OBJC_WEAK = YES;
				CLANG_WARN_BLOCK_CAPTURE_AUTORELEASING = YES;
				CLANG_WARN_BOOL_CONVERSION = YES;
				CLANG_WARN_COMMA = YES;
				CLANG_WARN_CONSTANT_CONVERSION = YES;
				CLANG_WARN_DEPRECATED_OBJC_IMPLEMENTATIONS = YES;
				CLANG_WARN_DIRECT_OBJC_ISA_USAGE = YES_ERROR;
				CLANG_WARN_DOCUMENTATION_COMMENTS = YES;
				CLANG_WARN_EMPTY_BODY = YES;
				CLANG_WARN_ENUM_CONVERSION = YES;
				CLANG_WARN_INFINITE_RECURSION = YES;
				CLANG_WARN_INT_CONVERSION = YES;
				CLANG_WARN_NON_LITERAL_NULL_CONVERSION = YES;
				CLANG_WARN_OBJC_IMPLICIT_RETAIN_SELF = YES;
				CLANG_WARN_OBJC_LITERAL_CONVERSION = YES;
				CLANG_WARN_OBJC_ROOT_CLASS = YES_ERROR;
				CLANG_WARN_QUOTED_INCLUDE_IN_FRAMEWORK_HEADER = YES;
				CLANG_WARN_RANGE_LOOP_ANALYSIS = YES;
				CLANG_WARN_STRICT_PROTOTYPES = YES;
				CLANG_WARN_SUSPICIOUS_MOVE = YES;
				CLANG_WARN_UNGUARDED_AVAILABILITY = YES_AGGRESSIVE;
				CLANG_WARN_UNREACHABLE_CODE = YES;
				CLANG_WARN__DUPLICATE_METHOD_MATCH = YES;
				COPY_PHASE_STRIP = NO;
				DEBUG_INFORMATION_FORMAT = "dwarf-with-dsym";
				ENABLE_NS_ASSERTIONS = NO;
				ENABLE_STRICT_OBJC_MSGSEND = YES;
				GCC_C_LANGUAGE_STANDARD = gnu11;
				GCC_NO_COMMON_BLOCKS = YES;
				GCC_WARN_64_TO_32_BIT_CONVERSION = YES;
				GCC_WARN_ABOUT_RETURN_TYPE = YES_ERROR;
				GCC_WARN_UNDECLARED_SELECTOR = YES;
				GCC_WARN_UNINITIALIZED_AUTOS = YES_AGGRESSIVE;
				GCC_WARN_UNUSED_FUNCTION = YES;
				GCC_WARN_UNUSED_VARIABLE = YES;
				IPHONEOS_DEPLOYMENT_TARGET = 15.0;
				MTL_ENABLE_DEBUG_INFO = NO;
				MTL_FAST_MATH = YES;
				SDKROOT = iphoneos;
				SWIFT_COMPILATION_MODE = wholemodule;
				SWIFT_OPTIMIZATION_LEVEL = "-O";
				VALIDATE_PRODUCT = YES;
			};
			name = Release;
		};
		52255EE328FACFCB003793EF /* Debug */ = {
			isa = XCBuildConfiguration;
			buildSettings = {
				ASSETCATALOG_COMPILER_APPICON_NAME = AppIcon;
				ASSETCATALOG_COMPILER_GLOBAL_ACCENT_COLOR_NAME = AccentColor;
				CODE_SIGN_STYLE = Automatic;
				CURRENT_PROJECT_VERSION = 1;
				DEVELOPMENT_TEAM = 553DP5SJ57;
				GENERATE_INFOPLIST_FILE = YES;
				INFOPLIST_FILE = TestNetwork/Info.plist;
				INFOPLIST_KEY_UIApplicationSupportsIndirectInputEvents = YES;
				INFOPLIST_KEY_UILaunchStoryboardName = LaunchScreen;
				INFOPLIST_KEY_UIMainStoryboardFile = Main;
				INFOPLIST_KEY_UISupportedInterfaceOrientations_iPad = "UIInterfaceOrientationPortrait UIInterfaceOrientationPortraitUpsideDown UIInterfaceOrientationLandscapeLeft UIInterfaceOrientationLandscapeRight";
				INFOPLIST_KEY_UISupportedInterfaceOrientations_iPhone = "UIInterfaceOrientationPortrait UIInterfaceOrientationLandscapeLeft UIInterfaceOrientationLandscapeRight";
				IPHONEOS_DEPLOYMENT_TARGET = 15.0;
				LD_RUNPATH_SEARCH_PATHS = (
					"$(inherited)",
					"@executable_path/Frameworks",
				);
				MARKETING_VERSION = 1.0;
				PRODUCT_BUNDLE_IDENTIFIER = ASaidaxmad.TestNetwork;
				PRODUCT_NAME = "$(TARGET_NAME)";
				SWIFT_EMIT_LOC_STRINGS = YES;
				SWIFT_VERSION = 5.0;
				TARGETED_DEVICE_FAMILY = 1;
			};
			name = Debug;
		};
		52255EE428FACFCB003793EF /* Release */ = {
			isa = XCBuildConfiguration;
			buildSettings = {
				ASSETCATALOG_COMPILER_APPICON_NAME = AppIcon;
				ASSETCATALOG_COMPILER_GLOBAL_ACCENT_COLOR_NAME = AccentColor;
				CODE_SIGN_STYLE = Automatic;
				CURRENT_PROJECT_VERSION = 1;
				DEVELOPMENT_TEAM = 553DP5SJ57;
				GENERATE_INFOPLIST_FILE = YES;
				INFOPLIST_FILE = TestNetwork/Info.plist;
				INFOPLIST_KEY_UIApplicationSupportsIndirectInputEvents = YES;
				INFOPLIST_KEY_UILaunchStoryboardName = LaunchScreen;
				INFOPLIST_KEY_UIMainStoryboardFile = Main;
				INFOPLIST_KEY_UISupportedInterfaceOrientations_iPad = "UIInterfaceOrientationPortrait UIInterfaceOrientationPortraitUpsideDown UIInterfaceOrientationLandscapeLeft UIInterfaceOrientationLandscapeRight";
				INFOPLIST_KEY_UISupportedInterfaceOrientations_iPhone = "UIInterfaceOrientationPortrait UIInterfaceOrientationLandscapeLeft UIInterfaceOrientationLandscapeRight";
				IPHONEOS_DEPLOYMENT_TARGET = 15.0;
				LD_RUNPATH_SEARCH_PATHS = (
					"$(inherited)",
					"@executable_path/Frameworks",
				);
				MARKETING_VERSION = 1.0;
				PRODUCT_BUNDLE_IDENTIFIER = ASaidaxmad.TestNetwork;
				PRODUCT_NAME = "$(TARGET_NAME)";
				SWIFT_EMIT_LOC_STRINGS = YES;
				SWIFT_VERSION = 5.0;
				TARGETED_DEVICE_FAMILY = 1;
			};
			name = Release;
		};
/* End XCBuildConfiguration section */

/* Begin XCConfigurationList section */
		52255EC928FACFCA003793EF /* Build configuration list for PBXProject "TestNetwork" */ = {
			isa = XCConfigurationList;
			buildConfigurations = (
				52255EE028FACFCB003793EF /* Debug */,
				52255EE128FACFCB003793EF /* Release */,
			);
			defaultConfigurationIsVisible = 0;
			defaultConfigurationName = Release;
		};
		52255EE228FACFCB003793EF /* Build configuration list for PBXNativeTarget "TestNetwork" */ = {
			isa = XCConfigurationList;
			buildConfigurations = (
				52255EE328FACFCB003793EF /* Debug */,
				52255EE428FACFCB003793EF /* Release */,
			);
			defaultConfigurationIsVisible = 0;
			defaultConfigurationName = Release;
		};
/* End XCConfigurationList section */
	};
	rootObject = 52255EC628FACFCA003793EF /* Project object */;
}
